<?xml version="1.0" encoding="utf-8"?>
<Project ToolsVersion="4.0" xmlns="http://schemas.microsoft.com/developer/msbuild/2003">
  <ItemGroup>
    <ClCompile Include="Application.cpp" />
    <ClCompile Include="Ball.cpp" />
    <ClCompile Include="Vector.cpp" />
    <ClCompile Include="Gamemode.cpp" />
    <ClCompile Include="Controllers.cpp" />
    <ClCompile Include="Timer.cpp" />
    <ClCompile Include="Players.cpp" />
    <ClCompile Include="CollisionSystem.cpp" />
    <ClCompile Include="SkillSystem.cpp" />
    <ClCompile Include="Skills.cpp" />
    <ClCompile Include="Wall.cpp" />
    <ClCompile Include="Screens.cpp" />
  </ItemGroup>
  <ItemGroup>
    <ClInclude Include="Ball.h" />
    <ClInclude Include="Vector.h" />
    <ClInclude Include="Gamemode.h" />
    <ClInclude Include="Controllers.h" />
    <ClInclude Include="Timer.h" />
    <ClInclude Include="Players.h" />
    <ClInclude Include="CollisionSystem.h" />
    <ClInclude Include="SkillSystem.h" />
    <ClInclude Include="Skills.h" />
    <ClInclude Include="Wall.h" />
    <ClInclude Include="Screens.h" />
  </ItemGroup>
  <ItemGroup>
    <None Include="..\.gitignore" />
  </ItemGroup>
</Project>